
Microsoft Visual Studio Solution File, Format Version 11.00
# Visual Studio 2010
Project("{FAE04EC0-301F-11D3-BF4B-00C04F79EFBC}") = "ProtoAssociative", "Core\ProtoAssociative\ProtoAssociative.csproj", "{7318D5E5-9D15-4ABE-8A51-92F58D4F0B85}"
EndProject
Project("{FAE04EC0-301F-11D3-BF4B-00C04F79EFBC}") = "ProtoCore", "Core\ProtoCore\ProtoCore.csproj", "{7A9E0314-966F-4584-BAA3-7339CBB849D1}"
EndProject
Project("{FAE04EC0-301F-11D3-BF4B-00C04F79EFBC}") = "ProtoImperative", "Core\ProtoImperative\ProtoImperative.csproj", "{0D3D43DC-BD7E-46F0-93F7-1C6A6CC79948}"
	ProjectSection(ProjectDependencies) = postProject
		{3EEA3E12-5EF0-4B0F-B5AB-334E866BF29F} = {3EEA3E12-5EF0-4B0F-B5AB-334E866BF29F}
	EndProjectSection
EndProject
Project("{FAE04EC0-301F-11D3-BF4B-00C04F79EFBC}") = "ProtoScript", "Core\ProtoScript\ProtoScript.csproj", "{A4794476-7D0E-41C0-AD83-4AB929C0A46C}"
EndProject
Project("{FAE04EC0-301F-11D3-BF4B-00C04F79EFBC}") = "DesignScriptStructure", "Libraries\DesignScriptStructure\DesignScriptStructure.csproj", "{AE80E31D-8125-4714-9975-57F42CDF3AA2}"
	ProjectSection(ProjectDependencies) = postProject
		{038CF76A-8C0E-4680-8E05-1ED624496BF8} = {038CF76A-8C0E-4680-8E05-1ED624496BF8}
	EndProjectSection
EndProject
Project("{FAE04EC0-301F-11D3-BF4B-00C04F79EFBC}") = "DSGeometry", "Libraries\DSGeometry\DSGeometry.csproj", "{71E29377-E3F7-43BD-9F2A-1A3E03B04D09}"
EndProject
Project("{FAE04EC0-301F-11D3-BF4B-00C04F79EFBC}") = "Experimental", "Libraries\Experimental\Experimental.csproj", "{E88B55C3-216B-4B4C-B46A-EC208D3520C7}"
EndProject
Project("{FAE04EC0-301F-11D3-BF4B-00C04F79EFBC}") = "Math", "Libraries\Math\Math.csproj", "{202F4D97-6343-4A47-AE44-B4EC4C91C3DF}"
EndProject
Project("{FAE04EC0-301F-11D3-BF4B-00C04F79EFBC}") = "ProtoGeometry", "Libraries\ProtoGeometry\ProtoGeometry.csproj", "{038CF76A-8C0E-4680-8E05-1ED624496BF8}"
EndProject
Project("{FAE04EC0-301F-11D3-BF4B-00C04F79EFBC}") = "ProtoInterface", "ProtoInterface\ProtoInterface.csproj", "{9EC0521F-84DA-4196-B0BC-34E4049E50BD}"
EndProject
Project("{FAE04EC0-301F-11D3-BF4B-00C04F79EFBC}") = "ProtoTest", "Tests\ProtoTest\ProtoTest.csproj", "{6E1177DB-5E4F-4E2E-82E7-902437E56AED}"
	ProjectSection(ProjectDependencies) = postProject
		{71E29377-E3F7-43BD-9F2A-1A3E03B04D09} = {71E29377-E3F7-43BD-9F2A-1A3E03B04D09}
		{202F4D97-6343-4A47-AE44-B4EC4C91C3DF} = {202F4D97-6343-4A47-AE44-B4EC4C91C3DF}
	EndProjectSection
EndProject
Project("{FAE04EC0-301F-11D3-BF4B-00C04F79EFBC}") = "ProtoTestFx", "Tests\ProtoTestFx\ProtoTestFx.csproj", "{2235F7CA-AB25-4177-92BC-4B574D2D5DF6}"
EndProject
Project("{FAE04EC0-301F-11D3-BF4B-00C04F79EFBC}") = "DesignScriptLauncher", "UIs\DesignScriptLauncher\DesignScriptLauncher.csproj", "{9E99CC87-E176-4D58-889A-A9A2E314051B}"
EndProject
Project("{FAE04EC0-301F-11D3-BF4B-00C04F79EFBC}") = "DesignScript.Editor.CodeGen", "UIs\Editor\DesignScriptCodeGen\DesignScript.Editor.CodeGen.csproj", "{3EEA3E12-5EF0-4B0F-B5AB-334E866BF29F}"
	ProjectSection(ProjectDependencies) = postProject
		{7A9E0314-966F-4584-BAA3-7339CBB849D1} = {7A9E0314-966F-4584-BAA3-7339CBB849D1}
	EndProjectSection
EndProject
Project("{FAE04EC0-301F-11D3-BF4B-00C04F79EFBC}") = "DesignScript.Editor.Extensions", "UIs\Editor\DesignScriptEditor\DesignScript.Editor.Extensions\DesignScript.Editor.Extensions.csproj", "{5AE055CA-4E39-4DBC-B121-23C95DB011D7}"
EndProject
Project("{FAE04EC0-301F-11D3-BF4B-00C04F79EFBC}") = "DesignScript.App", "UIs\Editor\DesignScriptEditor\DesignScriptApp\DesignScript.App.csproj", "{DC7A717C-8B66-4D45-BC25-6B4C0B4C09ED}"
	ProjectSection(ProjectDependencies) = postProject
		{7A9E0314-966F-4584-BAA3-7339CBB849D1} = {7A9E0314-966F-4584-BAA3-7339CBB849D1}
		{9EC0521F-84DA-4196-B0BC-34E4049E50BD} = {9EC0521F-84DA-4196-B0BC-34E4049E50BD}
		{A4794476-7D0E-41C0-AD83-4AB929C0A46C} = {A4794476-7D0E-41C0-AD83-4AB929C0A46C}
		{0D3D43DC-BD7E-46F0-93F7-1C6A6CC79948} = {0D3D43DC-BD7E-46F0-93F7-1C6A6CC79948}
	EndProjectSection
EndProject
Project("{FAE04EC0-301F-11D3-BF4B-00C04F79EFBC}") = "DesignScript.Editor.Common", "UIs\Editor\DesignScriptEditor\DesignScriptCommon\DesignScript.Editor.Common.csproj", "{532816BB-BE7A-4446-B6D8-3ABE30460386}"
EndProject
Project("{FAE04EC0-301F-11D3-BF4B-00C04F79EFBC}") = "DesignScript.Editor.Core", "UIs\Editor\DesignScriptEditor\DesignScriptEditorCore\DesignScript.Editor.Core.csproj", "{C77E627F-1B0C-4603-93F5-D52747523FA2}"
	ProjectSection(ProjectDependencies) = postProject
		{9EC0521F-84DA-4196-B0BC-34E4049E50BD} = {9EC0521F-84DA-4196-B0BC-34E4049E50BD}
		{A4794476-7D0E-41C0-AD83-4AB929C0A46C} = {A4794476-7D0E-41C0-AD83-4AB929C0A46C}
		{0D3D43DC-BD7E-46F0-93F7-1C6A6CC79948} = {0D3D43DC-BD7E-46F0-93F7-1C6A6CC79948}
		{7318D5E5-9D15-4ABE-8A51-92F58D4F0B85} = {7318D5E5-9D15-4ABE-8A51-92F58D4F0B85}
	EndProjectSection
EndProject
Project("{FAE04EC0-301F-11D3-BF4B-00C04F79EFBC}") = "DesignScript.Editor.Ui", "UIs\Editor\DesignScriptEditor\DesignScriptEditorUi\DesignScript.Editor.Ui.csproj", "{9F687DD2-CC22-4099-A7A1-25D316FD0FE4}"
	ProjectSection(ProjectDependencies) = postProject
		{3EEA3E12-5EF0-4B0F-B5AB-334E866BF29F} = {3EEA3E12-5EF0-4B0F-B5AB-334E866BF29F}
		{532816BB-BE7A-4446-B6D8-3ABE30460386} = {532816BB-BE7A-4446-B6D8-3ABE30460386}
	EndProjectSection
EndProject
Project("{FAE04EC0-301F-11D3-BF4B-00C04F79EFBC}") = "DesignScript.Logger", "UIs\Editor\DesignScriptLogger\DesignScript.Logger.csproj", "{97105AA6-8AFC-422C-BEA1-5462A572CFCC}"
EndProject
Project("{FAE04EC0-301F-11D3-BF4B-00C04F79EFBC}") = "DesignScript.Editor.Parser", "UIs\Editor\DesignScriptParser\DesignScript.Editor.Parser.csproj", "{1F163F32-D301-4A19-B791-D38404A47AA1}"
	ProjectSection(ProjectDependencies) = postProject
		{7A9E0314-966F-4584-BAA3-7339CBB849D1} = {7A9E0314-966F-4584-BAA3-7339CBB849D1}
	EndProjectSection
EndProject
Project("{FAE04EC0-301F-11D3-BF4B-00C04F79EFBC}") = "DHLoggingLib", "UIs\Editor\DHLoggingLib\DHLoggingLib.csproj", "{A79D4CBF-A575-44DC-91C7-D87AA8D2F1E4}"
EndProject
Project("{FAE04EC0-301F-11D3-BF4B-00C04F79EFBC}") = "DesignScriptStudio.Graph.Core", "UIs\Studio\DesignScriptStudio.Graph.Core\DesignScriptStudio.Graph.Core.csproj", "{DC06125F-B32A-44DF-A367-7450B1B5D80A}"
	ProjectSection(ProjectDependencies) = postProject
		{7A9E0314-966F-4584-BAA3-7339CBB849D1} = {7A9E0314-966F-4584-BAA3-7339CBB849D1}
		{9EC0521F-84DA-4196-B0BC-34E4049E50BD} = {9EC0521F-84DA-4196-B0BC-34E4049E50BD}
		{A4794476-7D0E-41C0-AD83-4AB929C0A46C} = {A4794476-7D0E-41C0-AD83-4AB929C0A46C}
		{C77E627F-1B0C-4603-93F5-D52747523FA2} = {C77E627F-1B0C-4603-93F5-D52747523FA2}
		{97105AA6-8AFC-422C-BEA1-5462A572CFCC} = {97105AA6-8AFC-422C-BEA1-5462A572CFCC}
		{0D3D43DC-BD7E-46F0-93F7-1C6A6CC79948} = {0D3D43DC-BD7E-46F0-93F7-1C6A6CC79948}
		{7318D5E5-9D15-4ABE-8A51-92F58D4F0B85} = {7318D5E5-9D15-4ABE-8A51-92F58D4F0B85}
		{593BE9FC-7482-4CD6-9F87-77E7AC5CDFF2} = {593BE9FC-7482-4CD6-9F87-77E7AC5CDFF2}
	EndProjectSection
EndProject
Project("{FAE04EC0-301F-11D3-BF4B-00C04F79EFBC}") = "DesignScriptStudio.Graph.Ui", "UIs\Studio\DesignScriptStudio.Graph.Ui\DesignScriptStudio.Graph.Ui.csproj", "{1FFB9069-9880-4DA6-8249-0C9C8ABB5587}"
	ProjectSection(ProjectDependencies) = postProject
		{9EC0521F-84DA-4196-B0BC-34E4049E50BD} = {9EC0521F-84DA-4196-B0BC-34E4049E50BD}
	EndProjectSection
EndProject
Project("{8BC9CEB8-8B4A-11D0-8D11-00A0C91BC942}") = "DesignScriptStudio.Renderer", "UIs\Studio\DesignScriptStudio.Renderer\DesignScriptStudio.Renderer.vcxproj", "{A69E7467-7A33-4242-AEA2-984B41130F54}"
	ProjectSection(ProjectDependencies) = postProject
		{9EC0521F-84DA-4196-B0BC-34E4049E50BD} = {9EC0521F-84DA-4196-B0BC-34E4049E50BD}
	EndProjectSection
EndProject
Project("{FAE04EC0-301F-11D3-BF4B-00C04F79EFBC}") = "DesignScriptStudio.Tests", "UIs\Studio\DesignScriptStudio.Tests\DesignScriptStudio.Tests.csproj", "{9F05A563-2D71-4288-9A70-FCD9DFD6CDCF}"
	ProjectSection(ProjectDependencies) = postProject
		{7A9E0314-966F-4584-BAA3-7339CBB849D1} = {7A9E0314-966F-4584-BAA3-7339CBB849D1}
		{A69E7467-7A33-4242-AEA2-984B41130F54} = {A69E7467-7A33-4242-AEA2-984B41130F54}
		{593BE9FC-7482-4CD6-9F87-77E7AC5CDFF2} = {593BE9FC-7482-4CD6-9F87-77E7AC5CDFF2}
	EndProjectSection
EndProject
Project("{FAE04EC0-301F-11D3-BF4B-00C04F79EFBC}") = "GraphToDSCompiler", "Core\GraphToDSCompiler\GraphToDSCompiler.csproj", "{593BE9FC-7482-4CD6-9F87-77E7AC5CDFF2}"
EndProject
Project("{FAE04EC0-301F-11D3-BF4B-00C04F79EFBC}") = "DesignScriptStudio.App", "UIs\Studio\DesignScriptStudio.App\DesignScriptStudio.App.csproj", "{6D9134B2-DD88-44EF-8B4E-7B2C45E6A22F}"
	ProjectSection(ProjectDependencies) = postProject
		{9EC0521F-84DA-4196-B0BC-34E4049E50BD} = {9EC0521F-84DA-4196-B0BC-34E4049E50BD}
	EndProjectSection
EndProject
Project("{FAE04EC0-301F-11D3-BF4B-00C04F79EFBC}") = "ProtoLanguage", "Core\ProtoLanguage\ProtoLanguage.csproj", "{52F2A9C0-C4F4-4E0E-A6EE-7BCAFFB5C4B5}"
EndProject
Global
	GlobalSection(SolutionConfigurationPlatforms) = preSolution
		Debug|Win32 = Debug|Win32
		Debug|x64 = Debug|x64
		Debug|x86 = Debug|x86
		Release|Win32 = Release|Win32
		Release|x64 = Release|x64
		Release|x86 = Release|x86
	EndGlobalSection
	GlobalSection(ProjectConfigurationPlatforms) = postSolution
		{7318D5E5-9D15-4ABE-8A51-92F58D4F0B85}.Debug|Win32.ActiveCfg = Debug|x86
		{7318D5E5-9D15-4ABE-8A51-92F58D4F0B85}.Debug|x64.ActiveCfg = Debug|x64
		{7318D5E5-9D15-4ABE-8A51-92F58D4F0B85}.Debug|x64.Build.0 = Debug|x64
		{7318D5E5-9D15-4ABE-8A51-92F58D4F0B85}.Debug|x86.ActiveCfg = Debug|x86
		{7318D5E5-9D15-4ABE-8A51-92F58D4F0B85}.Debug|x86.Build.0 = Debug|x86
		{7318D5E5-9D15-4ABE-8A51-92F58D4F0B85}.Release|Win32.ActiveCfg = Release|x86
		{7318D5E5-9D15-4ABE-8A51-92F58D4F0B85}.Release|x64.ActiveCfg = Release|x64
		{7318D5E5-9D15-4ABE-8A51-92F58D4F0B85}.Release|x64.Build.0 = Release|x64
		{7318D5E5-9D15-4ABE-8A51-92F58D4F0B85}.Release|x86.ActiveCfg = Release|x86
		{7318D5E5-9D15-4ABE-8A51-92F58D4F0B85}.Release|x86.Build.0 = Release|x86
		{7A9E0314-966F-4584-BAA3-7339CBB849D1}.Debug|Win32.ActiveCfg = Debug|x86
		{7A9E0314-966F-4584-BAA3-7339CBB849D1}.Debug|x64.ActiveCfg = Debug|x64
		{7A9E0314-966F-4584-BAA3-7339CBB849D1}.Debug|x64.Build.0 = Debug|x64
		{7A9E0314-966F-4584-BAA3-7339CBB849D1}.Debug|x86.ActiveCfg = Debug|x86
		{7A9E0314-966F-4584-BAA3-7339CBB849D1}.Debug|x86.Build.0 = Debug|x86
		{7A9E0314-966F-4584-BAA3-7339CBB849D1}.Release|Win32.ActiveCfg = Release|x86
		{7A9E0314-966F-4584-BAA3-7339CBB849D1}.Release|x64.ActiveCfg = Release|x64
		{7A9E0314-966F-4584-BAA3-7339CBB849D1}.Release|x64.Build.0 = Release|x64
		{7A9E0314-966F-4584-BAA3-7339CBB849D1}.Release|x86.ActiveCfg = Release|x86
		{7A9E0314-966F-4584-BAA3-7339CBB849D1}.Release|x86.Build.0 = Release|x86
		{0D3D43DC-BD7E-46F0-93F7-1C6A6CC79948}.Debug|Win32.ActiveCfg = Debug|x86
		{0D3D43DC-BD7E-46F0-93F7-1C6A6CC79948}.Debug|x64.ActiveCfg = Debug|x64
		{0D3D43DC-BD7E-46F0-93F7-1C6A6CC79948}.Debug|x64.Build.0 = Debug|x64
		{0D3D43DC-BD7E-46F0-93F7-1C6A6CC79948}.Debug|x86.ActiveCfg = Debug|x86
		{0D3D43DC-BD7E-46F0-93F7-1C6A6CC79948}.Debug|x86.Build.0 = Debug|x86
		{0D3D43DC-BD7E-46F0-93F7-1C6A6CC79948}.Release|Win32.ActiveCfg = Release|x86
		{0D3D43DC-BD7E-46F0-93F7-1C6A6CC79948}.Release|x64.ActiveCfg = Release|x64
		{0D3D43DC-BD7E-46F0-93F7-1C6A6CC79948}.Release|x64.Build.0 = Release|x64
		{0D3D43DC-BD7E-46F0-93F7-1C6A6CC79948}.Release|x86.ActiveCfg = Release|x86
		{0D3D43DC-BD7E-46F0-93F7-1C6A6CC79948}.Release|x86.Build.0 = Release|x86
		{A4794476-7D0E-41C0-AD83-4AB929C0A46C}.Debug|Win32.ActiveCfg = Debug|x86
		{A4794476-7D0E-41C0-AD83-4AB929C0A46C}.Debug|x64.ActiveCfg = Debug|x64
		{A4794476-7D0E-41C0-AD83-4AB929C0A46C}.Debug|x64.Build.0 = Debug|x64
		{A4794476-7D0E-41C0-AD83-4AB929C0A46C}.Debug|x86.ActiveCfg = Debug|x86
		{A4794476-7D0E-41C0-AD83-4AB929C0A46C}.Debug|x86.Build.0 = Debug|x86
		{A4794476-7D0E-41C0-AD83-4AB929C0A46C}.Release|Win32.ActiveCfg = Release|x86
		{A4794476-7D0E-41C0-AD83-4AB929C0A46C}.Release|x64.ActiveCfg = Release|x64
		{A4794476-7D0E-41C0-AD83-4AB929C0A46C}.Release|x64.Build.0 = Release|x64
		{A4794476-7D0E-41C0-AD83-4AB929C0A46C}.Release|x86.ActiveCfg = Release|x86
		{A4794476-7D0E-41C0-AD83-4AB929C0A46C}.Release|x86.Build.0 = Release|x86
		{AE80E31D-8125-4714-9975-57F42CDF3AA2}.Debug|Win32.ActiveCfg = Debug|x86
		{AE80E31D-8125-4714-9975-57F42CDF3AA2}.Debug|x64.ActiveCfg = Debug|x64
		{AE80E31D-8125-4714-9975-57F42CDF3AA2}.Debug|x64.Build.0 = Debug|x64
		{AE80E31D-8125-4714-9975-57F42CDF3AA2}.Debug|x86.ActiveCfg = Debug|x86
		{AE80E31D-8125-4714-9975-57F42CDF3AA2}.Debug|x86.Build.0 = Debug|x86
		{AE80E31D-8125-4714-9975-57F42CDF3AA2}.Release|Win32.ActiveCfg = Release|x86
		{AE80E31D-8125-4714-9975-57F42CDF3AA2}.Release|x64.ActiveCfg = Release|x64
		{AE80E31D-8125-4714-9975-57F42CDF3AA2}.Release|x64.Build.0 = Release|x64
		{AE80E31D-8125-4714-9975-57F42CDF3AA2}.Release|x86.ActiveCfg = Release|x86
		{AE80E31D-8125-4714-9975-57F42CDF3AA2}.Release|x86.Build.0 = Release|x86
		{71E29377-E3F7-43BD-9F2A-1A3E03B04D09}.Debug|Win32.ActiveCfg = Debug|x86
		{71E29377-E3F7-43BD-9F2A-1A3E03B04D09}.Debug|x64.ActiveCfg = Debug|x64
		{71E29377-E3F7-43BD-9F2A-1A3E03B04D09}.Debug|x64.Build.0 = Debug|x64
		{71E29377-E3F7-43BD-9F2A-1A3E03B04D09}.Debug|x86.ActiveCfg = Debug|x86
		{71E29377-E3F7-43BD-9F2A-1A3E03B04D09}.Debug|x86.Build.0 = Debug|x86
		{71E29377-E3F7-43BD-9F2A-1A3E03B04D09}.Release|Win32.ActiveCfg = Release|x86
		{71E29377-E3F7-43BD-9F2A-1A3E03B04D09}.Release|x64.ActiveCfg = Release|x64
		{71E29377-E3F7-43BD-9F2A-1A3E03B04D09}.Release|x64.Build.0 = Release|x64
		{71E29377-E3F7-43BD-9F2A-1A3E03B04D09}.Release|x86.ActiveCfg = Release|x86
		{71E29377-E3F7-43BD-9F2A-1A3E03B04D09}.Release|x86.Build.0 = Release|x86
		{E88B55C3-216B-4B4C-B46A-EC208D3520C7}.Debug|Win32.ActiveCfg = Debug|x86
		{E88B55C3-216B-4B4C-B46A-EC208D3520C7}.Debug|x64.ActiveCfg = Debug|x64
		{E88B55C3-216B-4B4C-B46A-EC208D3520C7}.Debug|x64.Build.0 = Debug|x64
		{E88B55C3-216B-4B4C-B46A-EC208D3520C7}.Debug|x86.ActiveCfg = Debug|x86
		{E88B55C3-216B-4B4C-B46A-EC208D3520C7}.Debug|x86.Build.0 = Debug|x86
		{E88B55C3-216B-4B4C-B46A-EC208D3520C7}.Release|Win32.ActiveCfg = Release|x86
		{E88B55C3-216B-4B4C-B46A-EC208D3520C7}.Release|x64.ActiveCfg = Release|x64
		{E88B55C3-216B-4B4C-B46A-EC208D3520C7}.Release|x64.Build.0 = Release|x64
		{E88B55C3-216B-4B4C-B46A-EC208D3520C7}.Release|x86.ActiveCfg = Release|x86
		{E88B55C3-216B-4B4C-B46A-EC208D3520C7}.Release|x86.Build.0 = Release|x86
		{202F4D97-6343-4A47-AE44-B4EC4C91C3DF}.Debug|Win32.ActiveCfg = Debug|x86
		{202F4D97-6343-4A47-AE44-B4EC4C91C3DF}.Debug|x64.ActiveCfg = Debug|x64
		{202F4D97-6343-4A47-AE44-B4EC4C91C3DF}.Debug|x64.Build.0 = Debug|x64
		{202F4D97-6343-4A47-AE44-B4EC4C91C3DF}.Debug|x86.ActiveCfg = Debug|x86
		{202F4D97-6343-4A47-AE44-B4EC4C91C3DF}.Debug|x86.Build.0 = Debug|x86
		{202F4D97-6343-4A47-AE44-B4EC4C91C3DF}.Release|Win32.ActiveCfg = Release|x86
		{202F4D97-6343-4A47-AE44-B4EC4C91C3DF}.Release|x64.ActiveCfg = Release|x64
		{202F4D97-6343-4A47-AE44-B4EC4C91C3DF}.Release|x64.Build.0 = Release|x64
		{202F4D97-6343-4A47-AE44-B4EC4C91C3DF}.Release|x86.ActiveCfg = Release|x86
		{202F4D97-6343-4A47-AE44-B4EC4C91C3DF}.Release|x86.Build.0 = Release|x86
		{038CF76A-8C0E-4680-8E05-1ED624496BF8}.Debug|Win32.ActiveCfg = Debug|x86
		{038CF76A-8C0E-4680-8E05-1ED624496BF8}.Debug|x64.ActiveCfg = Debug|x64
		{038CF76A-8C0E-4680-8E05-1ED624496BF8}.Debug|x64.Build.0 = Debug|x64
		{038CF76A-8C0E-4680-8E05-1ED624496BF8}.Debug|x86.ActiveCfg = Debug|x86
		{038CF76A-8C0E-4680-8E05-1ED624496BF8}.Debug|x86.Build.0 = Debug|x86
		{038CF76A-8C0E-4680-8E05-1ED624496BF8}.Release|Win32.ActiveCfg = Release|x86
		{038CF76A-8C0E-4680-8E05-1ED624496BF8}.Release|x64.ActiveCfg = Release|x64
		{038CF76A-8C0E-4680-8E05-1ED624496BF8}.Release|x64.Build.0 = Release|x64
		{038CF76A-8C0E-4680-8E05-1ED624496BF8}.Release|x86.ActiveCfg = Release|x86
		{038CF76A-8C0E-4680-8E05-1ED624496BF8}.Release|x86.Build.0 = Release|x86
		{9EC0521F-84DA-4196-B0BC-34E4049E50BD}.Debug|Win32.ActiveCfg = Debug|x86
		{9EC0521F-84DA-4196-B0BC-34E4049E50BD}.Debug|x64.ActiveCfg = Debug|x64
		{9EC0521F-84DA-4196-B0BC-34E4049E50BD}.Debug|x64.Build.0 = Debug|x64
		{9EC0521F-84DA-4196-B0BC-34E4049E50BD}.Debug|x86.ActiveCfg = Debug|x86
		{9EC0521F-84DA-4196-B0BC-34E4049E50BD}.Debug|x86.Build.0 = Debug|x86
		{9EC0521F-84DA-4196-B0BC-34E4049E50BD}.Release|Win32.ActiveCfg = Release|x86
		{9EC0521F-84DA-4196-B0BC-34E4049E50BD}.Release|x64.ActiveCfg = Release|x64
		{9EC0521F-84DA-4196-B0BC-34E4049E50BD}.Release|x64.Build.0 = Release|x64
		{9EC0521F-84DA-4196-B0BC-34E4049E50BD}.Release|x86.ActiveCfg = Release|x86
		{9EC0521F-84DA-4196-B0BC-34E4049E50BD}.Release|x86.Build.0 = Release|x86
		{6E1177DB-5E4F-4E2E-82E7-902437E56AED}.Debug|Win32.ActiveCfg = Debug|x86
		{6E1177DB-5E4F-4E2E-82E7-902437E56AED}.Debug|x64.ActiveCfg = Debug|x64
		{6E1177DB-5E4F-4E2E-82E7-902437E56AED}.Debug|x64.Build.0 = Debug|x64
		{6E1177DB-5E4F-4E2E-82E7-902437E56AED}.Debug|x86.ActiveCfg = Debug|x86
		{6E1177DB-5E4F-4E2E-82E7-902437E56AED}.Debug|x86.Build.0 = Debug|x86
		{6E1177DB-5E4F-4E2E-82E7-902437E56AED}.Release|Win32.ActiveCfg = Release|x86
		{6E1177DB-5E4F-4E2E-82E7-902437E56AED}.Release|x64.ActiveCfg = Release|x64
		{6E1177DB-5E4F-4E2E-82E7-902437E56AED}.Release|x64.Build.0 = Release|x64
		{6E1177DB-5E4F-4E2E-82E7-902437E56AED}.Release|x86.ActiveCfg = Release|x86
		{6E1177DB-5E4F-4E2E-82E7-902437E56AED}.Release|x86.Build.0 = Release|x86
		{2235F7CA-AB25-4177-92BC-4B574D2D5DF6}.Debug|Win32.ActiveCfg = Debug|x86
		{2235F7CA-AB25-4177-92BC-4B574D2D5DF6}.Debug|x64.ActiveCfg = Debug|x64
		{2235F7CA-AB25-4177-92BC-4B574D2D5DF6}.Debug|x64.Build.0 = Debug|x64
		{2235F7CA-AB25-4177-92BC-4B574D2D5DF6}.Debug|x86.ActiveCfg = Debug|x86
		{2235F7CA-AB25-4177-92BC-4B574D2D5DF6}.Debug|x86.Build.0 = Debug|x86
		{2235F7CA-AB25-4177-92BC-4B574D2D5DF6}.Release|Win32.ActiveCfg = Release|x86
		{2235F7CA-AB25-4177-92BC-4B574D2D5DF6}.Release|x64.ActiveCfg = Release|x64
		{2235F7CA-AB25-4177-92BC-4B574D2D5DF6}.Release|x64.Build.0 = Release|x64
		{2235F7CA-AB25-4177-92BC-4B574D2D5DF6}.Release|x86.ActiveCfg = Release|x86
		{2235F7CA-AB25-4177-92BC-4B574D2D5DF6}.Release|x86.Build.0 = Release|x86
		{9E99CC87-E176-4D58-889A-A9A2E314051B}.Debug|Win32.ActiveCfg = Debug|x86
		{9E99CC87-E176-4D58-889A-A9A2E314051B}.Debug|x64.ActiveCfg = Debug|x64
		{9E99CC87-E176-4D58-889A-A9A2E314051B}.Debug|x64.Build.0 = Debug|x64
		{9E99CC87-E176-4D58-889A-A9A2E314051B}.Debug|x86.ActiveCfg = Debug|x86
		{9E99CC87-E176-4D58-889A-A9A2E314051B}.Debug|x86.Build.0 = Debug|x86
		{9E99CC87-E176-4D58-889A-A9A2E314051B}.Release|Win32.ActiveCfg = Release|x86
		{9E99CC87-E176-4D58-889A-A9A2E314051B}.Release|x64.ActiveCfg = Release|x64
		{9E99CC87-E176-4D58-889A-A9A2E314051B}.Release|x64.Build.0 = Release|x64
		{9E99CC87-E176-4D58-889A-A9A2E314051B}.Release|x86.ActiveCfg = Release|x86
		{9E99CC87-E176-4D58-889A-A9A2E314051B}.Release|x86.Build.0 = Release|x86
		{3EEA3E12-5EF0-4B0F-B5AB-334E866BF29F}.Debug|Win32.ActiveCfg = Debug|Win32
		{3EEA3E12-5EF0-4B0F-B5AB-334E866BF29F}.Debug|Win32.Build.0 = Debug|Win32
		{3EEA3E12-5EF0-4B0F-B5AB-334E866BF29F}.Debug|x64.ActiveCfg = Debug|x64
		{3EEA3E12-5EF0-4B0F-B5AB-334E866BF29F}.Debug|x64.Build.0 = Debug|x64
		{3EEA3E12-5EF0-4B0F-B5AB-334E866BF29F}.Debug|x86.ActiveCfg = Debug|x64
		{3EEA3E12-5EF0-4B0F-B5AB-334E866BF29F}.Release|Win32.ActiveCfg = Release|Win32
		{3EEA3E12-5EF0-4B0F-B5AB-334E866BF29F}.Release|Win32.Build.0 = Release|Win32
		{3EEA3E12-5EF0-4B0F-B5AB-334E866BF29F}.Release|x64.ActiveCfg = Release|x64
		{3EEA3E12-5EF0-4B0F-B5AB-334E866BF29F}.Release|x64.Build.0 = Release|x64
		{3EEA3E12-5EF0-4B0F-B5AB-334E866BF29F}.Release|x86.ActiveCfg = Release|x64
		{5AE055CA-4E39-4DBC-B121-23C95DB011D7}.Debug|Win32.ActiveCfg = Debug|Win32
		{5AE055CA-4E39-4DBC-B121-23C95DB011D7}.Debug|Win32.Build.0 = Debug|Win32
		{5AE055CA-4E39-4DBC-B121-23C95DB011D7}.Debug|x64.ActiveCfg = Debug|x64
		{5AE055CA-4E39-4DBC-B121-23C95DB011D7}.Debug|x64.Build.0 = Debug|x64
		{5AE055CA-4E39-4DBC-B121-23C95DB011D7}.Debug|x86.ActiveCfg = Debug|x64
		{5AE055CA-4E39-4DBC-B121-23C95DB011D7}.Release|Win32.ActiveCfg = Release|Win32
		{5AE055CA-4E39-4DBC-B121-23C95DB011D7}.Release|Win32.Build.0 = Release|Win32
		{5AE055CA-4E39-4DBC-B121-23C95DB011D7}.Release|x64.ActiveCfg = Release|x64
		{5AE055CA-4E39-4DBC-B121-23C95DB011D7}.Release|x64.Build.0 = Release|x64
		{5AE055CA-4E39-4DBC-B121-23C95DB011D7}.Release|x86.ActiveCfg = Release|x64
		{DC7A717C-8B66-4D45-BC25-6B4C0B4C09ED}.Debug|Win32.ActiveCfg = Debug|Win32
		{DC7A717C-8B66-4D45-BC25-6B4C0B4C09ED}.Debug|Win32.Build.0 = Debug|Win32
		{DC7A717C-8B66-4D45-BC25-6B4C0B4C09ED}.Debug|x64.ActiveCfg = Debug|x64
		{DC7A717C-8B66-4D45-BC25-6B4C0B4C09ED}.Debug|x64.Build.0 = Debug|x64
		{DC7A717C-8B66-4D45-BC25-6B4C0B4C09ED}.Debug|x86.ActiveCfg = Debug|x64
		{DC7A717C-8B66-4D45-BC25-6B4C0B4C09ED}.Release|Win32.ActiveCfg = Release|Win32
		{DC7A717C-8B66-4D45-BC25-6B4C0B4C09ED}.Release|Win32.Build.0 = Release|Win32
		{DC7A717C-8B66-4D45-BC25-6B4C0B4C09ED}.Release|x64.ActiveCfg = Release|x64
		{DC7A717C-8B66-4D45-BC25-6B4C0B4C09ED}.Release|x64.Build.0 = Release|x64
		{DC7A717C-8B66-4D45-BC25-6B4C0B4C09ED}.Release|x86.ActiveCfg = Release|x64
		{532816BB-BE7A-4446-B6D8-3ABE30460386}.Debug|Win32.ActiveCfg = Debug|Win32
		{532816BB-BE7A-4446-B6D8-3ABE30460386}.Debug|Win32.Build.0 = Debug|Win32
		{532816BB-BE7A-4446-B6D8-3ABE30460386}.Debug|x64.ActiveCfg = Debug|x64
		{532816BB-BE7A-4446-B6D8-3ABE30460386}.Debug|x64.Build.0 = Debug|x64
		{532816BB-BE7A-4446-B6D8-3ABE30460386}.Debug|x86.ActiveCfg = Debug|x64
		{532816BB-BE7A-4446-B6D8-3ABE30460386}.Release|Win32.ActiveCfg = Release|Win32
		{532816BB-BE7A-4446-B6D8-3ABE30460386}.Release|Win32.Build.0 = Release|Win32
		{532816BB-BE7A-4446-B6D8-3ABE30460386}.Release|x64.ActiveCfg = Release|x64
		{532816BB-BE7A-4446-B6D8-3ABE30460386}.Release|x64.Build.0 = Release|x64
		{532816BB-BE7A-4446-B6D8-3ABE30460386}.Release|x86.ActiveCfg = Release|x64
		{C77E627F-1B0C-4603-93F5-D52747523FA2}.Debug|Win32.ActiveCfg = Debug|Win32
		{C77E627F-1B0C-4603-93F5-D52747523FA2}.Debug|Win32.Build.0 = Debug|Win32
		{C77E627F-1B0C-4603-93F5-D52747523FA2}.Debug|x64.ActiveCfg = Debug|x64
		{C77E627F-1B0C-4603-93F5-D52747523FA2}.Debug|x64.Build.0 = Debug|x64
		{C77E627F-1B0C-4603-93F5-D52747523FA2}.Debug|x86.ActiveCfg = Debug|x64
		{C77E627F-1B0C-4603-93F5-D52747523FA2}.Release|Win32.ActiveCfg = Release|Win32
		{C77E627F-1B0C-4603-93F5-D52747523FA2}.Release|Win32.Build.0 = Release|Win32
		{C77E627F-1B0C-4603-93F5-D52747523FA2}.Release|x64.ActiveCfg = Release|x64
		{C77E627F-1B0C-4603-93F5-D52747523FA2}.Release|x64.Build.0 = Release|x64
		{C77E627F-1B0C-4603-93F5-D52747523FA2}.Release|x86.ActiveCfg = Release|x64
		{9F687DD2-CC22-4099-A7A1-25D316FD0FE4}.Debug|Win32.ActiveCfg = Debug|Win32
		{9F687DD2-CC22-4099-A7A1-25D316FD0FE4}.Debug|Win32.Build.0 = Debug|Win32
		{9F687DD2-CC22-4099-A7A1-25D316FD0FE4}.Debug|x64.ActiveCfg = Debug|x64
		{9F687DD2-CC22-4099-A7A1-25D316FD0FE4}.Debug|x64.Build.0 = Debug|x64
		{9F687DD2-CC22-4099-A7A1-25D316FD0FE4}.Debug|x86.ActiveCfg = Debug|x64
		{9F687DD2-CC22-4099-A7A1-25D316FD0FE4}.Release|Win32.ActiveCfg = Release|Win32
		{9F687DD2-CC22-4099-A7A1-25D316FD0FE4}.Release|Win32.Build.0 = Release|Win32
		{9F687DD2-CC22-4099-A7A1-25D316FD0FE4}.Release|x64.ActiveCfg = Release|x64
		{9F687DD2-CC22-4099-A7A1-25D316FD0FE4}.Release|x64.Build.0 = Release|x64
		{9F687DD2-CC22-4099-A7A1-25D316FD0FE4}.Release|x86.ActiveCfg = Release|x64
		{97105AA6-8AFC-422C-BEA1-5462A572CFCC}.Debug|Win32.ActiveCfg = Debug|Win32
		{97105AA6-8AFC-422C-BEA1-5462A572CFCC}.Debug|Win32.Build.0 = Debug|Win32
		{97105AA6-8AFC-422C-BEA1-5462A572CFCC}.Debug|x64.ActiveCfg = Debug|x64
		{97105AA6-8AFC-422C-BEA1-5462A572CFCC}.Debug|x64.Build.0 = Debug|x64
		{97105AA6-8AFC-422C-BEA1-5462A572CFCC}.Debug|x86.ActiveCfg = Debug|x86
		{97105AA6-8AFC-422C-BEA1-5462A572CFCC}.Debug|x86.Build.0 = Debug|x86
		{97105AA6-8AFC-422C-BEA1-5462A572CFCC}.Release|Win32.ActiveCfg = Release|Win32
		{97105AA6-8AFC-422C-BEA1-5462A572CFCC}.Release|Win32.Build.0 = Release|Win32
		{97105AA6-8AFC-422C-BEA1-5462A572CFCC}.Release|x64.ActiveCfg = Release|x64
		{97105AA6-8AFC-422C-BEA1-5462A572CFCC}.Release|x64.Build.0 = Release|x64
		{97105AA6-8AFC-422C-BEA1-5462A572CFCC}.Release|x86.ActiveCfg = Release|x86
		{97105AA6-8AFC-422C-BEA1-5462A572CFCC}.Release|x86.Build.0 = Release|x86
		{1F163F32-D301-4A19-B791-D38404A47AA1}.Debug|Win32.ActiveCfg = Debug|Win32
		{1F163F32-D301-4A19-B791-D38404A47AA1}.Debug|Win32.Build.0 = Debug|Win32
		{1F163F32-D301-4A19-B791-D38404A47AA1}.Debug|x64.ActiveCfg = Debug|x64
		{1F163F32-D301-4A19-B791-D38404A47AA1}.Debug|x64.Build.0 = Debug|x64
		{1F163F32-D301-4A19-B791-D38404A47AA1}.Debug|x86.ActiveCfg = Debug|x64
		{1F163F32-D301-4A19-B791-D38404A47AA1}.Release|Win32.ActiveCfg = Release|Win32
		{1F163F32-D301-4A19-B791-D38404A47AA1}.Release|Win32.Build.0 = Release|Win32
		{1F163F32-D301-4A19-B791-D38404A47AA1}.Release|x64.ActiveCfg = Release|x64
		{1F163F32-D301-4A19-B791-D38404A47AA1}.Release|x64.Build.0 = Release|x64
		{1F163F32-D301-4A19-B791-D38404A47AA1}.Release|x86.ActiveCfg = Release|x64
		{A79D4CBF-A575-44DC-91C7-D87AA8D2F1E4}.Debug|Win32.ActiveCfg = Debug|x64
		{A79D4CBF-A575-44DC-91C7-D87AA8D2F1E4}.Debug|x64.ActiveCfg = Debug|x64
		{A79D4CBF-A575-44DC-91C7-D87AA8D2F1E4}.Debug|x64.Build.0 = Debug|x64
		{A79D4CBF-A575-44DC-91C7-D87AA8D2F1E4}.Debug|x86.ActiveCfg = Debug|x64
		{A79D4CBF-A575-44DC-91C7-D87AA8D2F1E4}.Release|Win32.ActiveCfg = Release|x64
		{A79D4CBF-A575-44DC-91C7-D87AA8D2F1E4}.Release|x64.ActiveCfg = Release|x64
		{A79D4CBF-A575-44DC-91C7-D87AA8D2F1E4}.Release|x64.Build.0 = Release|x64
		{A79D4CBF-A575-44DC-91C7-D87AA8D2F1E4}.Release|x86.ActiveCfg = Release|x64
		{DC06125F-B32A-44DF-A367-7450B1B5D80A}.Debug|Win32.ActiveCfg = Debug|x86
		{DC06125F-B32A-44DF-A367-7450B1B5D80A}.Debug|x64.ActiveCfg = Debug|x64
		{DC06125F-B32A-44DF-A367-7450B1B5D80A}.Debug|x64.Build.0 = Debug|x64
		{DC06125F-B32A-44DF-A367-7450B1B5D80A}.Debug|x86.ActiveCfg = Debug|x86
		{DC06125F-B32A-44DF-A367-7450B1B5D80A}.Debug|x86.Build.0 = Debug|x86
		{DC06125F-B32A-44DF-A367-7450B1B5D80A}.Release|Win32.ActiveCfg = Release|x86
		{DC06125F-B32A-44DF-A367-7450B1B5D80A}.Release|x64.ActiveCfg = Release|x64
		{DC06125F-B32A-44DF-A367-7450B1B5D80A}.Release|x64.Build.0 = Release|x64
		{DC06125F-B32A-44DF-A367-7450B1B5D80A}.Release|x86.ActiveCfg = Release|x86
		{DC06125F-B32A-44DF-A367-7450B1B5D80A}.Release|x86.Build.0 = Release|x86
		{1FFB9069-9880-4DA6-8249-0C9C8ABB5587}.Debug|Win32.ActiveCfg = Debug|x86
		{1FFB9069-9880-4DA6-8249-0C9C8ABB5587}.Debug|x64.ActiveCfg = Debug|x64
		{1FFB9069-9880-4DA6-8249-0C9C8ABB5587}.Debug|x64.Build.0 = Debug|x64
		{1FFB9069-9880-4DA6-8249-0C9C8ABB5587}.Debug|x86.ActiveCfg = Debug|x86
		{1FFB9069-9880-4DA6-8249-0C9C8ABB5587}.Debug|x86.Build.0 = Debug|x86
		{1FFB9069-9880-4DA6-8249-0C9C8ABB5587}.Release|Win32.ActiveCfg = Release|x86
		{1FFB9069-9880-4DA6-8249-0C9C8ABB5587}.Release|x64.ActiveCfg = Release|x64
		{1FFB9069-9880-4DA6-8249-0C9C8ABB5587}.Release|x64.Build.0 = Release|x64
		{1FFB9069-9880-4DA6-8249-0C9C8ABB5587}.Release|x86.ActiveCfg = Release|x86
		{1FFB9069-9880-4DA6-8249-0C9C8ABB5587}.Release|x86.Build.0 = Release|x86
		{A69E7467-7A33-4242-AEA2-984B41130F54}.Debug|Win32.ActiveCfg = Debug|Win32
		{A69E7467-7A33-4242-AEA2-984B41130F54}.Debug|Win32.Build.0 = Debug|Win32
		{A69E7467-7A33-4242-AEA2-984B41130F54}.Debug|x64.ActiveCfg = Debug|x64
		{A69E7467-7A33-4242-AEA2-984B41130F54}.Debug|x64.Build.0 = Debug|x64
		{A69E7467-7A33-4242-AEA2-984B41130F54}.Debug|x86.ActiveCfg = Debug|x64
		{A69E7467-7A33-4242-AEA2-984B41130F54}.Release|Win32.ActiveCfg = Release|Win32
		{A69E7467-7A33-4242-AEA2-984B41130F54}.Release|Win32.Build.0 = Release|Win32
		{A69E7467-7A33-4242-AEA2-984B41130F54}.Release|x64.ActiveCfg = Release|x64
		{A69E7467-7A33-4242-AEA2-984B41130F54}.Release|x64.Build.0 = Release|x64
		{A69E7467-7A33-4242-AEA2-984B41130F54}.Release|x86.ActiveCfg = Release|x64
		{9F05A563-2D71-4288-9A70-FCD9DFD6CDCF}.Debug|Win32.ActiveCfg = Debug|x86
		{9F05A563-2D71-4288-9A70-FCD9DFD6CDCF}.Debug|x64.ActiveCfg = Debug|x64
		{9F05A563-2D71-4288-9A70-FCD9DFD6CDCF}.Debug|x64.Build.0 = Debug|x64
		{9F05A563-2D71-4288-9A70-FCD9DFD6CDCF}.Debug|x86.ActiveCfg = Debug|x86
		{9F05A563-2D71-4288-9A70-FCD9DFD6CDCF}.Debug|x86.Build.0 = Debug|x86
		{9F05A563-2D71-4288-9A70-FCD9DFD6CDCF}.Release|Win32.ActiveCfg = Release|x86
		{9F05A563-2D71-4288-9A70-FCD9DFD6CDCF}.Release|x64.ActiveCfg = Release|x64
		{9F05A563-2D71-4288-9A70-FCD9DFD6CDCF}.Release|x64.Build.0 = Release|x64
		{9F05A563-2D71-4288-9A70-FCD9DFD6CDCF}.Release|x86.ActiveCfg = Release|x86
		{9F05A563-2D71-4288-9A70-FCD9DFD6CDCF}.Release|x86.Build.0 = Release|x86
		{593BE9FC-7482-4CD6-9F87-77E7AC5CDFF2}.Debug|Win32.ActiveCfg = Debug|x86
		{593BE9FC-7482-4CD6-9F87-77E7AC5CDFF2}.Debug|x64.ActiveCfg = Debug|x64
		{593BE9FC-7482-4CD6-9F87-77E7AC5CDFF2}.Debug|x64.Build.0 = Debug|x64
		{593BE9FC-7482-4CD6-9F87-77E7AC5CDFF2}.Debug|x86.ActiveCfg = Debug|x86
		{593BE9FC-7482-4CD6-9F87-77E7AC5CDFF2}.Debug|x86.Build.0 = Debug|x86
		{593BE9FC-7482-4CD6-9F87-77E7AC5CDFF2}.Release|Win32.ActiveCfg = Release|x86
		{593BE9FC-7482-4CD6-9F87-77E7AC5CDFF2}.Release|x64.ActiveCfg = Release|x64
		{593BE9FC-7482-4CD6-9F87-77E7AC5CDFF2}.Release|x64.Build.0 = Release|x64
		{593BE9FC-7482-4CD6-9F87-77E7AC5CDFF2}.Release|x86.ActiveCfg = Release|x86
		{593BE9FC-7482-4CD6-9F87-77E7AC5CDFF2}.Release|x86.Build.0 = Release|x86
		{6D9134B2-DD88-44EF-8B4E-7B2C45E6A22F}.Debug|Win32.ActiveCfg = Debug|x86
		{6D9134B2-DD88-44EF-8B4E-7B2C45E6A22F}.Debug|x64.ActiveCfg = Debug|x64
		{6D9134B2-DD88-44EF-8B4E-7B2C45E6A22F}.Debug|x64.Build.0 = Debug|x64
		{6D9134B2-DD88-44EF-8B4E-7B2C45E6A22F}.Debug|x86.ActiveCfg = Debug|x86
		{6D9134B2-DD88-44EF-8B4E-7B2C45E6A22F}.Debug|x86.Build.0 = Debug|x86
		{6D9134B2-DD88-44EF-8B4E-7B2C45E6A22F}.Release|Win32.ActiveCfg = Release|x86
		{6D9134B2-DD88-44EF-8B4E-7B2C45E6A22F}.Release|x64.ActiveCfg = Release|x64
		{6D9134B2-DD88-44EF-8B4E-7B2C45E6A22F}.Release|x64.Build.0 = Release|x64
		{6D9134B2-DD88-44EF-8B4E-7B2C45E6A22F}.Release|x86.ActiveCfg = Release|x86
		{6D9134B2-DD88-44EF-8B4E-7B2C45E6A22F}.Release|x86.Build.0 = Release|x86
		{52F2A9C0-C4F4-4E0E-A6EE-7BCAFFB5C4B5}.Debug|Win32.ActiveCfg = Debug|x64
		{52F2A9C0-C4F4-4E0E-A6EE-7BCAFFB5C4B5}.Debug|x64.ActiveCfg = Debug|x64
		{52F2A9C0-C4F4-4E0E-A6EE-7BCAFFB5C4B5}.Debug|x64.Build.0 = Debug|x64
		{52F2A9C0-C4F4-4E0E-A6EE-7BCAFFB5C4B5}.Debug|x86.ActiveCfg = Debug|x64
		{52F2A9C0-C4F4-4E0E-A6EE-7BCAFFB5C4B5}.Release|Win32.ActiveCfg = Release|x64
		{52F2A9C0-C4F4-4E0E-A6EE-7BCAFFB5C4B5}.Release|x64.ActiveCfg = Release|x64
		{52F2A9C0-C4F4-4E0E-A6EE-7BCAFFB5C4B5}.Release|x64.Build.0 = Release|x64
		{52F2A9C0-C4F4-4E0E-A6EE-7BCAFFB5C4B5}.Release|x86.ActiveCfg = Release|x64
	EndGlobalSection
	GlobalSection(SolutionProperties) = preSolution
		HideSolutionNode = FALSE
	EndGlobalSection
EndGlobal
