
Microsoft Visual Studio Solution File, Format Version 11.00
# Visual Studio 2010
Project("{FAE04EC0-301F-11D3-BF4B-00C04F79EFBC}") = "ProtoAssociativeMono", "Core\ProtoAssociative\ProtoAssociativeMono.csproj", "{7318D5E5-9D15-4ABE-8A51-92F58D4F0B85}"
EndProject
Project("{FAE04EC0-301F-11D3-BF4B-00C04F79EFBC}") = "ProtoCoreMono", "Core\ProtoCore\ProtoCoreMono.csproj", "{7A9E0314-966F-4584-BAA3-7339CBB849D1}"
EndProject
Project("{FAE04EC0-301F-11D3-BF4B-00C04F79EFBC}") = "ProtoImperativeMono", "Core\ProtoImperative\ProtoImperativeMono.csproj", "{0D3D43DC-BD7E-46F0-93F7-1C6A6CC79948}"
EndProject
Project("{FAE04EC0-301F-11D3-BF4B-00C04F79EFBC}") = "ProtoInterfaceMono", "ProtoInterface\ProtoInterfaceMono.csproj", "{9EC0521F-84DA-4196-B0BC-34E4049E50BD}"
EndProject
Project("{FAE04EC0-301F-11D3-BF4B-00C04F79EFBC}") = "ProtoTestMono", "Tests\ProtoTest\ProtoTestMono.csproj", "{6E1177DB-5E4F-4E2E-82E7-902437E56AED}"
EndProject
Project("{FAE04EC0-301F-11D3-BF4B-00C04F79EFBC}") = "ProtoTestFxMono", "Tests\ProtoTestFx\ProtoTestFxMono.csproj", "{2235F7CA-AB25-4177-92BC-4B574D2D5DF6}"
EndProject
Project("{2150E333-8FDC-42A3-9474-1A3956D46DE8}") = "Solution Items", "Solution Items", "{24B5B71F-1B75-4C59-9DF7-C2900EB0D15D}"
EndProject
Project("{FAE04EC0-301F-11D3-BF4B-00C04F79EFBC}") = "GraphToDSCompilerMono", "Core\GraphToDSCompiler\GraphToDSCompilerMono.csproj", "{593BE9FC-7482-4CD6-9F87-77E7AC5CDFF2}"
EndProject
Project("{FAE04EC0-301F-11D3-BF4B-00C04F79EFBC}") = "ExperimentalMono", "Libraries\Experimental\ExperimentalMono.csproj", "{E88B55C3-216B-4B4C-B46A-EC208D3520C7}"
EndProject
Project("{FAE04EC0-301F-11D3-BF4B-00C04F79EFBC}") = "ProtoLanguageMono", "Core\ProtoLanguage\ProtoLanguageMono.csproj", "{0B6E0267-D83F-49EA-A658-79AFDC534C14}"
EndProject
Project("{FAE04EC0-301F-11D3-BF4B-00C04F79EFBC}") = "ProtoScriptMono", "Core\ProtoScript\ProtoScriptMono.csproj", "{A4794476-7D0E-41C0-AD83-4AB929C0A46C}"
EndProject
Global
	GlobalSection(SolutionConfigurationPlatforms) = preSolution
		Debug|Any CPU = Debug|Any CPU
		Debug|Mixed Platforms = Debug|Mixed Platforms
		Debug|Win32 = Debug|Win32
		Debug|x64 = Debug|x64
		Debug|x86 = Debug|x86
		Release|Any CPU = Release|Any CPU
		Release|Mixed Platforms = Release|Mixed Platforms
		Release|Win32 = Release|Win32
		Release|x64 = Release|x64
		Release|x86 = Release|x86
	EndGlobalSection
	GlobalSection(ProjectConfigurationPlatforms) = postSolution
		{7318D5E5-9D15-4ABE-8A51-92F58D4F0B85}.Debug|Any CPU.ActiveCfg = Debug|Any CPU
		{7318D5E5-9D15-4ABE-8A51-92F58D4F0B85}.Debug|Any CPU.Build.0 = Debug|Any CPU
		{7318D5E5-9D15-4ABE-8A51-92F58D4F0B85}.Debug|Mixed Platforms.ActiveCfg = Debug|Any CPU
		{7318D5E5-9D15-4ABE-8A51-92F58D4F0B85}.Debug|Mixed Platforms.Build.0 = Debug|Any CPU
		{7318D5E5-9D15-4ABE-8A51-92F58D4F0B85}.Debug|Win32.ActiveCfg = Debug|Any CPU
		{7318D5E5-9D15-4ABE-8A51-92F58D4F0B85}.Debug|Win32.Build.0 = Debug|Any CPU
		{7318D5E5-9D15-4ABE-8A51-92F58D4F0B85}.Debug|x64.ActiveCfg = Debug|Any CPU
		{7318D5E5-9D15-4ABE-8A51-92F58D4F0B85}.Debug|x64.Build.0 = Debug|Any CPU
		{7318D5E5-9D15-4ABE-8A51-92F58D4F0B85}.Debug|x86.ActiveCfg = Debug|Any CPU
		{7318D5E5-9D15-4ABE-8A51-92F58D4F0B85}.Release|Any CPU.ActiveCfg = Release|Any CPU
		{7318D5E5-9D15-4ABE-8A51-92F58D4F0B85}.Release|Any CPU.Build.0 = Release|Any CPU
		{7318D5E5-9D15-4ABE-8A51-92F58D4F0B85}.Release|Mixed Platforms.ActiveCfg = Release|Any CPU
		{7318D5E5-9D15-4ABE-8A51-92F58D4F0B85}.Release|Mixed Platforms.Build.0 = Release|Any CPU
		{7318D5E5-9D15-4ABE-8A51-92F58D4F0B85}.Release|Win32.ActiveCfg = Release|Any CPU
		{7318D5E5-9D15-4ABE-8A51-92F58D4F0B85}.Release|x64.ActiveCfg = Release|Any CPU
		{7318D5E5-9D15-4ABE-8A51-92F58D4F0B85}.Release|x86.ActiveCfg = Release|Any CPU
		{7A9E0314-966F-4584-BAA3-7339CBB849D1}.Debug|Any CPU.ActiveCfg = Debug|Any CPU
		{7A9E0314-966F-4584-BAA3-7339CBB849D1}.Debug|Any CPU.Build.0 = Debug|Any CPU
		{7A9E0314-966F-4584-BAA3-7339CBB849D1}.Debug|Mixed Platforms.ActiveCfg = Debug|Any CPU
		{7A9E0314-966F-4584-BAA3-7339CBB849D1}.Debug|Mixed Platforms.Build.0 = Debug|Any CPU
		{7A9E0314-966F-4584-BAA3-7339CBB849D1}.Debug|Win32.ActiveCfg = Debug|Any CPU
		{7A9E0314-966F-4584-BAA3-7339CBB849D1}.Debug|Win32.Build.0 = Debug|Any CPU
		{7A9E0314-966F-4584-BAA3-7339CBB849D1}.Debug|x64.ActiveCfg = Debug|Any CPU
		{7A9E0314-966F-4584-BAA3-7339CBB849D1}.Debug|x64.Build.0 = Debug|Any CPU
		{7A9E0314-966F-4584-BAA3-7339CBB849D1}.Debug|x86.ActiveCfg = Debug|Any CPU
		{7A9E0314-966F-4584-BAA3-7339CBB849D1}.Release|Any CPU.ActiveCfg = Release|Any CPU
		{7A9E0314-966F-4584-BAA3-7339CBB849D1}.Release|Any CPU.Build.0 = Release|Any CPU
		{7A9E0314-966F-4584-BAA3-7339CBB849D1}.Release|Mixed Platforms.ActiveCfg = Release|Any CPU
		{7A9E0314-966F-4584-BAA3-7339CBB849D1}.Release|Mixed Platforms.Build.0 = Release|Any CPU
		{7A9E0314-966F-4584-BAA3-7339CBB849D1}.Release|Win32.ActiveCfg = Release|Any CPU
		{7A9E0314-966F-4584-BAA3-7339CBB849D1}.Release|x64.ActiveCfg = Release|Any CPU
		{7A9E0314-966F-4584-BAA3-7339CBB849D1}.Release|x86.ActiveCfg = Release|Any CPU
		{0D3D43DC-BD7E-46F0-93F7-1C6A6CC79948}.Debug|Any CPU.ActiveCfg = Debug|Any CPU
		{0D3D43DC-BD7E-46F0-93F7-1C6A6CC79948}.Debug|Any CPU.Build.0 = Debug|Any CPU
		{0D3D43DC-BD7E-46F0-93F7-1C6A6CC79948}.Debug|Mixed Platforms.ActiveCfg = Debug|Any CPU
		{0D3D43DC-BD7E-46F0-93F7-1C6A6CC79948}.Debug|Mixed Platforms.Build.0 = Debug|Any CPU
		{0D3D43DC-BD7E-46F0-93F7-1C6A6CC79948}.Debug|Win32.ActiveCfg = Debug|Any CPU
		{0D3D43DC-BD7E-46F0-93F7-1C6A6CC79948}.Debug|Win32.Build.0 = Debug|Any CPU
		{0D3D43DC-BD7E-46F0-93F7-1C6A6CC79948}.Debug|x64.ActiveCfg = Debug|Any CPU
		{0D3D43DC-BD7E-46F0-93F7-1C6A6CC79948}.Debug|x64.Build.0 = Debug|Any CPU
		{0D3D43DC-BD7E-46F0-93F7-1C6A6CC79948}.Debug|x86.ActiveCfg = Debug|Any CPU
		{0D3D43DC-BD7E-46F0-93F7-1C6A6CC79948}.Release|Any CPU.ActiveCfg = Release|Any CPU
		{0D3D43DC-BD7E-46F0-93F7-1C6A6CC79948}.Release|Any CPU.Build.0 = Release|Any CPU
		{0D3D43DC-BD7E-46F0-93F7-1C6A6CC79948}.Release|Mixed Platforms.ActiveCfg = Release|Any CPU
		{0D3D43DC-BD7E-46F0-93F7-1C6A6CC79948}.Release|Mixed Platforms.Build.0 = Release|Any CPU
		{0D3D43DC-BD7E-46F0-93F7-1C6A6CC79948}.Release|Win32.ActiveCfg = Release|Any CPU
		{0D3D43DC-BD7E-46F0-93F7-1C6A6CC79948}.Release|x64.ActiveCfg = Release|Any CPU
		{0D3D43DC-BD7E-46F0-93F7-1C6A6CC79948}.Release|x86.ActiveCfg = Release|Any CPU
		{9EC0521F-84DA-4196-B0BC-34E4049E50BD}.Debug|Any CPU.ActiveCfg = Debug|Any CPU
		{9EC0521F-84DA-4196-B0BC-34E4049E50BD}.Debug|Any CPU.Build.0 = Debug|Any CPU
		{9EC0521F-84DA-4196-B0BC-34E4049E50BD}.Debug|Mixed Platforms.ActiveCfg = Debug|Any CPU
		{9EC0521F-84DA-4196-B0BC-34E4049E50BD}.Debug|Mixed Platforms.Build.0 = Debug|Any CPU
		{9EC0521F-84DA-4196-B0BC-34E4049E50BD}.Debug|Win32.ActiveCfg = Debug|Any CPU
		{9EC0521F-84DA-4196-B0BC-34E4049E50BD}.Debug|Win32.Build.0 = Debug|Any CPU
		{9EC0521F-84DA-4196-B0BC-34E4049E50BD}.Debug|x64.ActiveCfg = Debug|Any CPU
		{9EC0521F-84DA-4196-B0BC-34E4049E50BD}.Debug|x64.Build.0 = Debug|Any CPU
		{9EC0521F-84DA-4196-B0BC-34E4049E50BD}.Debug|x86.ActiveCfg = Debug|Any CPU
		{9EC0521F-84DA-4196-B0BC-34E4049E50BD}.Release|Any CPU.ActiveCfg = Release|Any CPU
		{9EC0521F-84DA-4196-B0BC-34E4049E50BD}.Release|Any CPU.Build.0 = Release|Any CPU
		{9EC0521F-84DA-4196-B0BC-34E4049E50BD}.Release|Mixed Platforms.ActiveCfg = Release|Any CPU
		{9EC0521F-84DA-4196-B0BC-34E4049E50BD}.Release|Mixed Platforms.Build.0 = Release|Any CPU
		{9EC0521F-84DA-4196-B0BC-34E4049E50BD}.Release|Win32.ActiveCfg = Release|Any CPU
		{9EC0521F-84DA-4196-B0BC-34E4049E50BD}.Release|x64.ActiveCfg = Release|Any CPU
		{9EC0521F-84DA-4196-B0BC-34E4049E50BD}.Release|x86.ActiveCfg = Release|Any CPU
		{6E1177DB-5E4F-4E2E-82E7-902437E56AED}.Debug|Any CPU.ActiveCfg = Debug|Any CPU
		{6E1177DB-5E4F-4E2E-82E7-902437E56AED}.Debug|Any CPU.Build.0 = Debug|Any CPU
		{6E1177DB-5E4F-4E2E-82E7-902437E56AED}.Debug|Mixed Platforms.ActiveCfg = Debug|Any CPU
		{6E1177DB-5E4F-4E2E-82E7-902437E56AED}.Debug|Mixed Platforms.Build.0 = Debug|Any CPU
		{6E1177DB-5E4F-4E2E-82E7-902437E56AED}.Debug|Win32.ActiveCfg = Debug|Any CPU
		{6E1177DB-5E4F-4E2E-82E7-902437E56AED}.Debug|Win32.Build.0 = Debug|Any CPU
		{6E1177DB-5E4F-4E2E-82E7-902437E56AED}.Debug|x64.ActiveCfg = Debug|Any CPU
		{6E1177DB-5E4F-4E2E-82E7-902437E56AED}.Debug|x64.Build.0 = Debug|Any CPU
		{6E1177DB-5E4F-4E2E-82E7-902437E56AED}.Debug|x86.ActiveCfg = Debug|Any CPU
		{6E1177DB-5E4F-4E2E-82E7-902437E56AED}.Release|Any CPU.ActiveCfg = Release|Any CPU
		{6E1177DB-5E4F-4E2E-82E7-902437E56AED}.Release|Any CPU.Build.0 = Release|Any CPU
		{6E1177DB-5E4F-4E2E-82E7-902437E56AED}.Release|Mixed Platforms.ActiveCfg = Release|Any CPU
		{6E1177DB-5E4F-4E2E-82E7-902437E56AED}.Release|Mixed Platforms.Build.0 = Release|Any CPU
		{6E1177DB-5E4F-4E2E-82E7-902437E56AED}.Release|Win32.ActiveCfg = Release|Any CPU
		{6E1177DB-5E4F-4E2E-82E7-902437E56AED}.Release|x64.ActiveCfg = Release|Any CPU
		{6E1177DB-5E4F-4E2E-82E7-902437E56AED}.Release|x86.ActiveCfg = Release|Any CPU
		{2235F7CA-AB25-4177-92BC-4B574D2D5DF6}.Debug|Any CPU.ActiveCfg = Debug|Any CPU
		{2235F7CA-AB25-4177-92BC-4B574D2D5DF6}.Debug|Any CPU.Build.0 = Debug|Any CPU
		{2235F7CA-AB25-4177-92BC-4B574D2D5DF6}.Debug|Mixed Platforms.ActiveCfg = Debug|Any CPU
		{2235F7CA-AB25-4177-92BC-4B574D2D5DF6}.Debug|Mixed Platforms.Build.0 = Debug|Any CPU
		{2235F7CA-AB25-4177-92BC-4B574D2D5DF6}.Debug|Win32.ActiveCfg = Debug|Any CPU
		{2235F7CA-AB25-4177-92BC-4B574D2D5DF6}.Debug|Win32.Build.0 = Debug|Any CPU
		{2235F7CA-AB25-4177-92BC-4B574D2D5DF6}.Debug|x64.ActiveCfg = Debug|Any CPU
		{2235F7CA-AB25-4177-92BC-4B574D2D5DF6}.Debug|x64.Build.0 = Debug|Any CPU
		{2235F7CA-AB25-4177-92BC-4B574D2D5DF6}.Debug|x86.ActiveCfg = Debug|Any CPU
		{2235F7CA-AB25-4177-92BC-4B574D2D5DF6}.Release|Any CPU.ActiveCfg = Release|Any CPU
		{2235F7CA-AB25-4177-92BC-4B574D2D5DF6}.Release|Any CPU.Build.0 = Release|Any CPU
		{2235F7CA-AB25-4177-92BC-4B574D2D5DF6}.Release|Mixed Platforms.ActiveCfg = Release|Any CPU
		{2235F7CA-AB25-4177-92BC-4B574D2D5DF6}.Release|Mixed Platforms.Build.0 = Release|Any CPU
		{2235F7CA-AB25-4177-92BC-4B574D2D5DF6}.Release|Win32.ActiveCfg = Release|Any CPU
		{2235F7CA-AB25-4177-92BC-4B574D2D5DF6}.Release|x64.ActiveCfg = Release|Any CPU
		{2235F7CA-AB25-4177-92BC-4B574D2D5DF6}.Release|x86.ActiveCfg = Release|Any CPU
		{593BE9FC-7482-4CD6-9F87-77E7AC5CDFF2}.Debug|Any CPU.ActiveCfg = Debug|Any CPU
		{593BE9FC-7482-4CD6-9F87-77E7AC5CDFF2}.Debug|Any CPU.Build.0 = Debug|Any CPU
		{593BE9FC-7482-4CD6-9F87-77E7AC5CDFF2}.Debug|Mixed Platforms.ActiveCfg = Debug|Any CPU
		{593BE9FC-7482-4CD6-9F87-77E7AC5CDFF2}.Debug|Mixed Platforms.Build.0 = Debug|Any CPU
		{593BE9FC-7482-4CD6-9F87-77E7AC5CDFF2}.Debug|Win32.ActiveCfg = Debug|Any CPU
		{593BE9FC-7482-4CD6-9F87-77E7AC5CDFF2}.Debug|Win32.Build.0 = Debug|Any CPU
		{593BE9FC-7482-4CD6-9F87-77E7AC5CDFF2}.Debug|x64.ActiveCfg = Debug|Any CPU
		{593BE9FC-7482-4CD6-9F87-77E7AC5CDFF2}.Debug|x64.Build.0 = Debug|Any CPU
		{593BE9FC-7482-4CD6-9F87-77E7AC5CDFF2}.Debug|x86.ActiveCfg = Debug|Any CPU
		{593BE9FC-7482-4CD6-9F87-77E7AC5CDFF2}.Release|Any CPU.ActiveCfg = Release|Any CPU
		{593BE9FC-7482-4CD6-9F87-77E7AC5CDFF2}.Release|Any CPU.Build.0 = Release|Any CPU
		{593BE9FC-7482-4CD6-9F87-77E7AC5CDFF2}.Release|Mixed Platforms.ActiveCfg = Release|Any CPU
		{593BE9FC-7482-4CD6-9F87-77E7AC5CDFF2}.Release|Mixed Platforms.Build.0 = Release|Any CPU
		{593BE9FC-7482-4CD6-9F87-77E7AC5CDFF2}.Release|Win32.ActiveCfg = Release|Any CPU
		{593BE9FC-7482-4CD6-9F87-77E7AC5CDFF2}.Release|x64.ActiveCfg = Release|Any CPU
		{593BE9FC-7482-4CD6-9F87-77E7AC5CDFF2}.Release|x86.ActiveCfg = Release|Any CPU
		{E88B55C3-216B-4B4C-B46A-EC208D3520C7}.Debug|Any CPU.ActiveCfg = Debug|Any CPU
		{E88B55C3-216B-4B4C-B46A-EC208D3520C7}.Debug|Any CPU.Build.0 = Debug|Any CPU
		{E88B55C3-216B-4B4C-B46A-EC208D3520C7}.Debug|Mixed Platforms.ActiveCfg = Debug|Any CPU
		{E88B55C3-216B-4B4C-B46A-EC208D3520C7}.Debug|Mixed Platforms.Build.0 = Debug|Any CPU
		{E88B55C3-216B-4B4C-B46A-EC208D3520C7}.Debug|Win32.ActiveCfg = Debug|Any CPU
		{E88B55C3-216B-4B4C-B46A-EC208D3520C7}.Debug|Win32.Build.0 = Debug|Any CPU
		{E88B55C3-216B-4B4C-B46A-EC208D3520C7}.Debug|x64.ActiveCfg = Debug|Any CPU
		{E88B55C3-216B-4B4C-B46A-EC208D3520C7}.Debug|x64.Build.0 = Debug|Any CPU
		{E88B55C3-216B-4B4C-B46A-EC208D3520C7}.Debug|x86.ActiveCfg = Debug|Any CPU
		{E88B55C3-216B-4B4C-B46A-EC208D3520C7}.Release|Any CPU.ActiveCfg = Release|Any CPU
		{E88B55C3-216B-4B4C-B46A-EC208D3520C7}.Release|Mixed Platforms.ActiveCfg = Release|Any CPU
		{E88B55C3-216B-4B4C-B46A-EC208D3520C7}.Release|Mixed Platforms.Build.0 = Release|Any CPU
		{E88B55C3-216B-4B4C-B46A-EC208D3520C7}.Release|Win32.ActiveCfg = Release|Any CPU
		{E88B55C3-216B-4B4C-B46A-EC208D3520C7}.Release|x64.ActiveCfg = Release|Any CPU
		{E88B55C3-216B-4B4C-B46A-EC208D3520C7}.Release|x86.ActiveCfg = Release|Any CPU
		{0B6E0267-D83F-49EA-A658-79AFDC534C14}.Debug|Any CPU.ActiveCfg = Debug|x64
		{0B6E0267-D83F-49EA-A658-79AFDC534C14}.Debug|Any CPU.Build.0 = Debug|x64
		{0B6E0267-D83F-49EA-A658-79AFDC534C14}.Debug|Mixed Platforms.ActiveCfg = Debug|x64
		{0B6E0267-D83F-49EA-A658-79AFDC534C14}.Debug|Mixed Platforms.Build.0 = Debug|x64
		{0B6E0267-D83F-49EA-A658-79AFDC534C14}.Debug|Win32.ActiveCfg = Debug|x64
		{0B6E0267-D83F-49EA-A658-79AFDC534C14}.Debug|x64.ActiveCfg = Debug|x64
		{0B6E0267-D83F-49EA-A658-79AFDC534C14}.Debug|x64.Build.0 = Debug|x64
		{0B6E0267-D83F-49EA-A658-79AFDC534C14}.Debug|x86.ActiveCfg = Debug|x64
		{0B6E0267-D83F-49EA-A658-79AFDC534C14}.Release|Any CPU.ActiveCfg = Release|x64
		{0B6E0267-D83F-49EA-A658-79AFDC534C14}.Release|Mixed Platforms.ActiveCfg = Release|x64
		{0B6E0267-D83F-49EA-A658-79AFDC534C14}.Release|Mixed Platforms.Build.0 = Release|x64
		{0B6E0267-D83F-49EA-A658-79AFDC534C14}.Release|Win32.ActiveCfg = Release|x64
		{0B6E0267-D83F-49EA-A658-79AFDC534C14}.Release|x64.ActiveCfg = Release|x64
		{0B6E0267-D83F-49EA-A658-79AFDC534C14}.Release|x64.Build.0 = Release|x64
		{0B6E0267-D83F-49EA-A658-79AFDC534C14}.Release|x86.ActiveCfg = Release|x64
		{A4794476-7D0E-41C0-AD83-4AB929C0A46C}.Debug|Any CPU.ActiveCfg = Debug|Any CPU
		{A4794476-7D0E-41C0-AD83-4AB929C0A46C}.Debug|Any CPU.Build.0 = Debug|Any CPU
		{A4794476-7D0E-41C0-AD83-4AB929C0A46C}.Debug|Mixed Platforms.ActiveCfg = Debug|Any CPU
		{A4794476-7D0E-41C0-AD83-4AB929C0A46C}.Debug|Mixed Platforms.Build.0 = Debug|Any CPU
		{A4794476-7D0E-41C0-AD83-4AB929C0A46C}.Debug|Win32.ActiveCfg = Debug|Any CPU
		{A4794476-7D0E-41C0-AD83-4AB929C0A46C}.Debug|x64.ActiveCfg = Debug|Any CPU
		{A4794476-7D0E-41C0-AD83-4AB929C0A46C}.Debug|x86.ActiveCfg = Debug|Any CPU
		{A4794476-7D0E-41C0-AD83-4AB929C0A46C}.Release|Any CPU.ActiveCfg = Release|Any CPU
		{A4794476-7D0E-41C0-AD83-4AB929C0A46C}.Release|Any CPU.Build.0 = Release|Any CPU
		{A4794476-7D0E-41C0-AD83-4AB929C0A46C}.Release|Mixed Platforms.ActiveCfg = Release|Any CPU
		{A4794476-7D0E-41C0-AD83-4AB929C0A46C}.Release|Mixed Platforms.Build.0 = Release|Any CPU
		{A4794476-7D0E-41C0-AD83-4AB929C0A46C}.Release|Win32.ActiveCfg = Release|Any CPU
		{A4794476-7D0E-41C0-AD83-4AB929C0A46C}.Release|x64.ActiveCfg = Release|Any CPU
		{A4794476-7D0E-41C0-AD83-4AB929C0A46C}.Release|x86.ActiveCfg = Release|Any CPU
	EndGlobalSection
	GlobalSection(SolutionProperties) = preSolution
		HideSolutionNode = FALSE
	EndGlobalSection
	GlobalSection(MonoDevelopProperties) = preSolution
		StartupItem = Core\ProtoAssociative\ProtoAssociativeMono.csproj
	EndGlobalSection
EndGlobal
